
Microsoft Visual Studio Solution File, Format Version 12.00
# Visual Studio Version 16
VisualStudioVersion = 16.0.28803.352
MinimumVisualStudioVersion = 10.0.40219.1
Project("{FAE04EC0-301F-11D3-BF4B-00C04F79EFBC}") = "HIAWebService", "HIAWebService\HIAWebService.csproj", "{47F59A81-628C-4D21-9853-03C381F55623}"
EndProject
Global
	GlobalSection(SolutionConfigurationPlatforms) = preSolution
		Debug|Any CPU = Debug|Any CPU
		Release|Any CPU = Release|Any CPU
	EndGlobalSection
	GlobalSection(ProjectConfigurationPlatforms) = postSolution
		{47F59A81-628C-4D21-9853-03C381F55623}.Debug|Any CPU.ActiveCfg = Debug|Any CPU
		{47F59A81-628C-4D21-9853-03C381F55623}.Debug|Any CPU.Build.0 = Debug|Any CPU
		{47F59A81-628C-4D21-9853-03C381F55623}.Release|Any CPU.ActiveCfg = Release|Any CPU
		{47F59A81-628C-4D21-9853-03C381F55623}.Release|Any CPU.Build.0 = Release|Any CPU
	EndGlobalSection
	GlobalSection(SolutionProperties) = preSolution
		HideSolutionNode = FALSE
	EndGlobalSection
	GlobalSection(ExtensibilityGlobals) = postSolution
		SolutionGuid = {3794C0A5-3154-4C86-984C-BD08A2443FE6}
	EndGlobalSection
EndGlobal
